// !$*UTF8*$!
{
	archiveVersion = 1;
	classes = {
	};
	objectVersion = 46;
	objects = {

/* Begin PBXBuildFile section */
		A6E1A2951BD77FF200ED8A24 /* main.m in Sources */ = {isa = PBXBuildFile; fileRef = A6E1A2941BD77FF200ED8A24 /* main.m */; };
		A6E1A2981BD77FF200ED8A24 /* AppDelegate.m in Sources */ = {isa = PBXBuildFile; fileRef = A6E1A2971BD77FF200ED8A24 /* AppDelegate.m */; };
		A6E1A29B1BD77FF200ED8A24 /* ViewController.m in Sources */ = {isa = PBXBuildFile; fileRef = A6E1A29A1BD77FF200ED8A24 /* ViewController.m */; };
		A6E1A29E1BD77FF200ED8A24 /* Main.storyboard in Resources */ = {isa = PBXBuildFile; fileRef = A6E1A29C1BD77FF200ED8A24 /* Main.storyboard */; };
		A6E1A2A01BD77FF200ED8A24 /* Images.xcassets in Resources */ = {isa = PBXBuildFile; fileRef = A6E1A29F1BD77FF200ED8A24 /* Images.xcassets */; };
		A6E1A2A31BD77FF200ED8A24 /* LaunchScreen.xib in Resources */ = {isa = PBXBuildFile; fileRef = A6E1A2A11BD77FF200ED8A24 /* LaunchScreen.xib */; };
		A6E1A2AF1BD77FF200ED8A24 /* MatchingCardsTests.m in Sources */ = {isa = PBXBuildFile; fileRef = A6E1A2AE1BD77FF200ED8A24 /* MatchingCardsTests.m */; };
		A6E1A2BA1BD7810D00ED8A24 /* Card.m in Sources */ = {isa = PBXBuildFile; fileRef = A6E1A2B91BD7810D00ED8A24 /* Card.m */; };
		A6E1A2BD1BD7848700ED8A24 /* Deck.m in Sources */ = {isa = PBXBuildFile; fileRef = A6E1A2BC1BD7848700ED8A24 /* Deck.m */; };
		A6E1A2C01BD78ED900ED8A24 /* PlayingCard.m in Sources */ = {isa = PBXBuildFile; fileRef = A6E1A2BF1BD78ED900ED8A24 /* PlayingCard.m */; };
		A6E1A2C31BD79D4800ED8A24 /* PlayingCardDeck.m in Sources */ = {isa = PBXBuildFile; fileRef = A6E1A2C21BD79D4800ED8A24 /* PlayingCardDeck.m */; };
		A6FBC4651BE28B6E00948483 /* CardMatchingGame.m in Sources */ = {isa = PBXBuildFile; fileRef = A6FBC4641BE28B6E00948483 /* CardMatchingGame.m */; };
		A6FF00A51BE78F51008226BB /* SetCard.m in Sources */ = {isa = PBXBuildFile; fileRef = A6FF00A41BE78F51008226BB /* SetCard.m */; };
		A6FF00A81BE7AF2E008226BB /* SetDeck.m in Sources */ = {isa = PBXBuildFile; fileRef = A6FF00A71BE7AF2E008226BB /* SetDeck.m */; };
		A6FF00AB1BE7CC79008226BB /* SetGameViewController.m in Sources */ = {isa = PBXBuildFile; fileRef = A6FF00AA1BE7CC79008226BB /* SetGameViewController.m */; };
/* End PBXBuildFile section */

/* Begin PBXContainerItemProxy section */
		A6E1A2A91BD77FF200ED8A24 /* PBXContainerItemProxy */ = {
			isa = PBXContainerItemProxy;
			containerPortal = A6E1A2871BD77FF100ED8A24 /* Project object */;
			proxyType = 1;
			remoteGlobalIDString = A6E1A28E1BD77FF200ED8A24;
			remoteInfo = MatchingCards;
		};
/* End PBXContainerItemProxy section */

/* Begin PBXFileReference section */
		A6E1A28F1BD77FF200ED8A24 /* MatchingCards.app */ = {isa = PBXFileReference; explicitFileType = wrapper.application; includeInIndex = 0; path = MatchingCards.app; sourceTree = BUILT_PRODUCTS_DIR; };
		A6E1A2931BD77FF200ED8A24 /* Info.plist */ = {isa = PBXFileReference; lastKnownFileType = text.plist.xml; path = Info.plist; sourceTree = "<group>"; };
		A6E1A2941BD77FF200ED8A24 /* main.m */ = {isa = PBXFileReference; lastKnownFileType = sourcecode.c.objc; path = main.m; sourceTree = "<group>"; };
		A6E1A2961BD77FF200ED8A24 /* AppDelegate.h */ = {isa = PBXFileReference; lastKnownFileType = sourcecode.c.h; path = AppDelegate.h; sourceTree = "<group>"; };
		A6E1A2971BD77FF200ED8A24 /* AppDelegate.m */ = {isa = PBXFileReference; lastKnownFileType = sourcecode.c.objc; path = AppDelegate.m; sourceTree = "<group>"; };
		A6E1A2991BD77FF200ED8A24 /* ViewController.h */ = {isa = PBXFileReference; lastKnownFileType = sourcecode.c.h; path = ViewController.h; sourceTree = "<group>"; };
		A6E1A29A1BD77FF200ED8A24 /* ViewController.m */ = {isa = PBXFileReference; lastKnownFileType = sourcecode.c.objc; path = ViewController.m; sourceTree = "<group>"; };
		A6E1A29D1BD77FF200ED8A24 /* Base */ = {isa = PBXFileReference; lastKnownFileType = file.storyboard; name = Base; path = Base.lproj/Main.storyboard; sourceTree = "<group>"; };
		A6E1A29F1BD77FF200ED8A24 /* Images.xcassets */ = {isa = PBXFileReference; lastKnownFileType = folder.assetcatalog; path = Images.xcassets; sourceTree = "<group>"; };
		A6E1A2A21BD77FF200ED8A24 /* Base */ = {isa = PBXFileReference; lastKnownFileType = file.xib; name = Base; path = Base.lproj/LaunchScreen.xib; sourceTree = "<group>"; };
		A6E1A2A81BD77FF200ED8A24 /* MatchingCardsTests.xctest */ = {isa = PBXFileReference; explicitFileType = wrapper.cfbundle; includeInIndex = 0; path = MatchingCardsTests.xctest; sourceTree = BUILT_PRODUCTS_DIR; };
		A6E1A2AD1BD77FF200ED8A24 /* Info.plist */ = {isa = PBXFileReference; lastKnownFileType = text.plist.xml; path = Info.plist; sourceTree = "<group>"; };
		A6E1A2AE1BD77FF200ED8A24 /* MatchingCardsTests.m */ = {isa = PBXFileReference; lastKnownFileType = sourcecode.c.objc; path = MatchingCardsTests.m; sourceTree = "<group>"; };
		A6E1A2B81BD7810D00ED8A24 /* Card.h */ = {isa = PBXFileReference; fileEncoding = 4; lastKnownFileType = sourcecode.c.h; name = Card.h; path = Model/Card.h; sourceTree = "<group>"; };
		A6E1A2B91BD7810D00ED8A24 /* Card.m */ = {isa = PBXFileReference; fileEncoding = 4; lastKnownFileType = sourcecode.c.objc; name = Card.m; path = Model/Card.m; sourceTree = "<group>"; };
		A6E1A2BB1BD7848700ED8A24 /* Deck.h */ = {isa = PBXFileReference; fileEncoding = 4; lastKnownFileType = sourcecode.c.h; name = Deck.h; path = Model/Deck.h; sourceTree = "<group>"; };
		A6E1A2BC1BD7848700ED8A24 /* Deck.m */ = {isa = PBXFileReference; fileEncoding = 4; lastKnownFileType = sourcecode.c.objc; name = Deck.m; path = Model/Deck.m; sourceTree = "<group>"; };
		A6E1A2BE1BD78ED900ED8A24 /* PlayingCard.h */ = {isa = PBXFileReference; fileEncoding = 4; lastKnownFileType = sourcecode.c.h; name = PlayingCard.h; path = Model/PlayingCard.h; sourceTree = "<group>"; };
		A6E1A2BF1BD78ED900ED8A24 /* PlayingCard.m */ = {isa = PBXFileReference; fileEncoding = 4; lastKnownFileType = sourcecode.c.objc; name = PlayingCard.m; path = Model/PlayingCard.m; sourceTree = "<group>"; };
		A6E1A2C11BD79D4800ED8A24 /* PlayingCardDeck.h */ = {isa = PBXFileReference; fileEncoding = 4; lastKnownFileType = sourcecode.c.h; name = PlayingCardDeck.h; path = Model/PlayingCardDeck.h; sourceTree = "<group>"; };
		A6E1A2C21BD79D4800ED8A24 /* PlayingCardDeck.m */ = {isa = PBXFileReference; fileEncoding = 4; lastKnownFileType = sourcecode.c.objc; name = PlayingCardDeck.m; path = Model/PlayingCardDeck.m; sourceTree = "<group>"; };
		A6FBC4631BE28B6E00948483 /* CardMatchingGame.h */ = {isa = PBXFileReference; fileEncoding = 4; lastKnownFileType = sourcecode.c.h; path = CardMatchingGame.h; sourceTree = "<group>"; };
		A6FBC4641BE28B6E00948483 /* CardMatchingGame.m */ = {isa = PBXFileReference; fileEncoding = 4; lastKnownFileType = sourcecode.c.objc; path = CardMatchingGame.m; sourceTree = "<group>"; };
		A6FF00A31BE78F51008226BB /* SetCard.h */ = {isa = PBXFileReference; fileEncoding = 4; lastKnownFileType = sourcecode.c.h; path = SetCard.h; sourceTree = "<group>"; };
		A6FF00A41BE78F51008226BB /* SetCard.m */ = {isa = PBXFileReference; fileEncoding = 4; lastKnownFileType = sourcecode.c.objc; path = SetCard.m; sourceTree = "<group>"; };
		A6FF00A61BE7AF2E008226BB /* SetDeck.h */ = {isa = PBXFileReference; fileEncoding = 4; lastKnownFileType = sourcecode.c.h; path = SetDeck.h; sourceTree = "<group>"; };
		A6FF00A71BE7AF2E008226BB /* SetDeck.m */ = {isa = PBXFileReference; fileEncoding = 4; lastKnownFileType = sourcecode.c.objc; path = SetDeck.m; sourceTree = "<group>"; };
		A6FF00A91BE7CC79008226BB /* SetGameViewController.h */ = {isa = PBXFileReference; fileEncoding = 4; lastKnownFileType = sourcecode.c.h; path = SetGameViewController.h; sourceTree = "<group>"; };
		A6FF00AA1BE7CC79008226BB /* SetGameViewController.m */ = {isa = PBXFileReference; fileEncoding = 4; lastKnownFileType = sourcecode.c.objc; path = SetGameViewController.m; sourceTree = "<group>"; };
/* End PBXFileReference section */

/* Begin PBXFrameworksBuildPhase section */
		A6E1A28C1BD77FF200ED8A24 /* Frameworks */ = {
			isa = PBXFrameworksBuildPhase;
			buildActionMask = 2147483647;
			files = (
			);
			runOnlyForDeploymentPostprocessing = 0;
		};
		A6E1A2A51BD77FF200ED8A24 /* Frameworks */ = {
			isa = PBXFrameworksBuildPhase;
			buildActionMask = 2147483647;
			files = (
			);
			runOnlyForDeploymentPostprocessing = 0;
		};
/* End PBXFrameworksBuildPhase section */

/* Begin PBXGroup section */
		A6E1A2861BD77FF100ED8A24 = {
			isa = PBXGroup;
			children = (
				A6E1A2911BD77FF200ED8A24 /* MatchingCards */,
				A6E1A2AB1BD77FF200ED8A24 /* MatchingCardsTests */,
				A6E1A2901BD77FF200ED8A24 /* Products */,
				A6E1A2C41BD7AF9600ED8A24 /* model */,
			);
			sourceTree = "<group>";
		};
		A6E1A2901BD77FF200ED8A24 /* Products */ = {
			isa = PBXGroup;
			children = (
				A6E1A28F1BD77FF200ED8A24 /* MatchingCards.app */,
				A6E1A2A81BD77FF200ED8A24 /* MatchingCardsTests.xctest */,
			);
			name = Products;
			sourceTree = "<group>";
		};
		A6E1A2911BD77FF200ED8A24 /* MatchingCards */ = {
			isa = PBXGroup;
			children = (
				A6E1A2991BD77FF200ED8A24 /* ViewController.h */,
				A6E1A29A1BD77FF200ED8A24 /* ViewController.m */,
				A6E1A29C1BD77FF200ED8A24 /* Main.storyboard */,
				A6FF00A91BE7CC79008226BB /* SetGameViewController.h */,
				A6FF00AA1BE7CC79008226BB /* SetGameViewController.m */,
				A6E1A29F1BD77FF200ED8A24 /* Images.xcassets */,
				A6E1A2A11BD77FF200ED8A24 /* LaunchScreen.xib */,
				A6E1A2921BD77FF200ED8A24 /* Supporting Files */,
			);
			path = MatchingCards;
			sourceTree = "<group>";
		};
		A6E1A2921BD77FF200ED8A24 /* Supporting Files */ = {
			isa = PBXGroup;
			children = (
				A6E1A2931BD77FF200ED8A24 /* Info.plist */,
				A6E1A2941BD77FF200ED8A24 /* main.m */,
				A6E1A2961BD77FF200ED8A24 /* AppDelegate.h */,
				A6E1A2971BD77FF200ED8A24 /* AppDelegate.m */,
			);
			name = "Supporting Files";
			sourceTree = "<group>";
		};
		A6E1A2AB1BD77FF200ED8A24 /* MatchingCardsTests */ = {
			isa = PBXGroup;
			children = (
				A6E1A2AE1BD77FF200ED8A24 /* MatchingCardsTests.m */,
				A6E1A2AC1BD77FF200ED8A24 /* Supporting Files */,
			);
			path = MatchingCardsTests;
			sourceTree = "<group>";
		};
		A6E1A2AC1BD77FF200ED8A24 /* Supporting Files */ = {
			isa = PBXGroup;
			children = (
				A6E1A2AD1BD77FF200ED8A24 /* Info.plist */,
			);
			name = "Supporting Files";
			sourceTree = "<group>";
		};
		A6E1A2C41BD7AF9600ED8A24 /* model */ = {
			isa = PBXGroup;
			children = (
				A6FF00A61BE7AF2E008226BB /* SetDeck.h */,
				A6FF00A71BE7AF2E008226BB /* SetDeck.m */,
				A6FF00A31BE78F51008226BB /* SetCard.h */,
				A6FF00A41BE78F51008226BB /* SetCard.m */,
				A6E1A2C11BD79D4800ED8A24 /* PlayingCardDeck.h */,
				A6E1A2C21BD79D4800ED8A24 /* PlayingCardDeck.m */,
				A6FBC4631BE28B6E00948483 /* CardMatchingGame.h */,
				A6FBC4641BE28B6E00948483 /* CardMatchingGame.m */,
				A6E1A2BE1BD78ED900ED8A24 /* PlayingCard.h */,
				A6E1A2BF1BD78ED900ED8A24 /* PlayingCard.m */,
				A6E1A2BB1BD7848700ED8A24 /* Deck.h */,
				A6E1A2BC1BD7848700ED8A24 /* Deck.m */,
				A6E1A2B81BD7810D00ED8A24 /* Card.h */,
				A6E1A2B91BD7810D00ED8A24 /* Card.m */,
			);
			name = model;
			path = MatchingCards;
			sourceTree = "<group>";
		};
/* End PBXGroup section */

/* Begin PBXNativeTarget section */
		A6E1A28E1BD77FF200ED8A24 /* MatchingCards */ = {
			isa = PBXNativeTarget;
			buildConfigurationList = A6E1A2B21BD77FF200ED8A24 /* Build configuration list for PBXNativeTarget "MatchingCards" */;
			buildPhases = (
				A6E1A28B1BD77FF200ED8A24 /* Sources */,
				A6E1A28C1BD77FF200ED8A24 /* Frameworks */,
				A6E1A28D1BD77FF200ED8A24 /* Resources */,
			);
			buildRules = (
			);
			dependencies = (
			);
			name = MatchingCards;
			productName = MatchingCards;
			productReference = A6E1A28F1BD77FF200ED8A24 /* MatchingCards.app */;
			productType = "com.apple.product-type.application";
		};
		A6E1A2A71BD77FF200ED8A24 /* MatchingCardsTests */ = {
			isa = PBXNativeTarget;
			buildConfigurationList = A6E1A2B51BD77FF200ED8A24 /* Build configuration list for PBXNativeTarget "MatchingCardsTests" */;
			buildPhases = (
				A6E1A2A41BD77FF200ED8A24 /* Sources */,
				A6E1A2A51BD77FF200ED8A24 /* Frameworks */,
				A6E1A2A61BD77FF200ED8A24 /* Resources */,
			);
			buildRules = (
			);
			dependencies = (
				A6E1A2AA1BD77FF200ED8A24 /* PBXTargetDependency */,
			);
			name = MatchingCardsTests;
			productName = MatchingCardsTests;
			productReference = A6E1A2A81BD77FF200ED8A24 /* MatchingCardsTests.xctest */;
			productType = "com.apple.product-type.bundle.unit-test";
		};
/* End PBXNativeTarget section */

/* Begin PBXProject section */
		A6E1A2871BD77FF100ED8A24 /* Project object */ = {
			isa = PBXProject;
			attributes = {
				LastUpgradeCheck = 0640;
				ORGANIZATIONNAME = Horatiu;
				TargetAttributes = {
					A6E1A28E1BD77FF200ED8A24 = {
						CreatedOnToolsVersion = 6.4;
					};
					A6E1A2A71BD77FF200ED8A24 = {
						CreatedOnToolsVersion = 6.4;
						TestTargetID = A6E1A28E1BD77FF200ED8A24;
					};
				};
			};
			buildConfigurationList = A6E1A28A1BD77FF100ED8A24 /* Build configuration list for PBXProject "MatchingCards" */;
			compatibilityVersion = "Xcode 3.2";
			developmentRegion = English;
			hasScannedForEncodings = 0;
			knownRegions = (
				en,
				Base,
			);
			mainGroup = A6E1A2861BD77FF100ED8A24;
			productRefGroup = A6E1A2901BD77FF200ED8A24 /* Products */;
			projectDirPath = "";
			projectRoot = "";
			targets = (
				A6E1A28E1BD77FF200ED8A24 /* MatchingCards */,
				A6E1A2A71BD77FF200ED8A24 /* MatchingCardsTests */,
			);
		};
/* End PBXProject section */

/* Begin PBXResourcesBuildPhase section */
		A6E1A28D1BD77FF200ED8A24 /* Resources */ = {
			isa = PBXResourcesBuildPhase;
			buildActionMask = 2147483647;
			files = (
				A6E1A29E1BD77FF200ED8A24 /* Main.storyboard in Resources */,
				A6E1A2A31BD77FF200ED8A24 /* LaunchScreen.xib in Resources */,
				A6E1A2A01BD77FF200ED8A24 /* Images.xcassets in Resources */,
			);
			runOnlyForDeploymentPostprocessing = 0;
		};
		A6E1A2A61BD77FF200ED8A24 /* Resources */ = {
			isa = PBXResourcesBuildPhase;
			buildActionMask = 2147483647;
			files = (
			);
			runOnlyForDeploymentPostprocessing = 0;
		};
/* End PBXResourcesBuildPhase section */

/* Begin PBXSourcesBuildPhase section */
		A6E1A28B1BD77FF200ED8A24 /* Sources */ = {
			isa = PBXSourcesBuildPhase;
			buildActionMask = 2147483647;
			files = (
				A6FF00AB1BE7CC79008226BB /* SetGameViewController.m in Sources */,
				A6E1A2C01BD78ED900ED8A24 /* PlayingCard.m in Sources */,
				A6E1A2BD1BD7848700ED8A24 /* Deck.m in Sources */,
				A6E1A29B1BD77FF200ED8A24 /* ViewController.m in Sources */,
				A6E1A2981BD77FF200ED8A24 /* AppDelegate.m in Sources */,
				A6FBC4651BE28B6E00948483 /* CardMatchingGame.m in Sources */,
				A6FF00A81BE7AF2E008226BB /* SetDeck.m in Sources */,
				A6E1A2C31BD79D4800ED8A24 /* PlayingCardDeck.m in Sources */,
				A6E1A2951BD77FF200ED8A24 /* main.m in Sources */,
				A6E1A2BA1BD7810D00ED8A24 /* Card.m in Sources */,
				A6FF00A51BE78F51008226BB /* SetCard.m in Sources */,
			);
			runOnlyForDeploymentPostprocessing = 0;
		};
		A6E1A2A41BD77FF200ED8A24 /* Sources */ = {
			isa = PBXSourcesBuildPhase;
			buildActionMask = 2147483647;
			files = (
				A6E1A2AF1BD77FF200ED8A24 /* MatchingCardsTests.m in Sources */,
			);
			runOnlyForDeploymentPostprocessing = 0;
		};
/* End PBXSourcesBuildPhase section */

/* Begin PBXTargetDependency section */
		A6E1A2AA1BD77FF200ED8A24 /* PBXTargetDependency */ = {
			isa = PBXTargetDependency;
			target = A6E1A28E1BD77FF200ED8A24 /* MatchingCards */;
			targetProxy = A6E1A2A91BD77FF200ED8A24 /* PBXContainerItemProxy */;
		};
/* End PBXTargetDependency section */

/* Begin PBXVariantGroup section */
		A6E1A29C1BD77FF200ED8A24 /* Main.storyboard */ = {
			isa = PBXVariantGroup;
			children = (
				A6E1A29D1BD77FF200ED8A24 /* Base */,
			);
			name = Main.storyboard;
			sourceTree = "<group>";
		};
		A6E1A2A11BD77FF200ED8A24 /* LaunchScreen.xib */ = {
			isa = PBXVariantGroup;
			children = (
				A6E1A2A21BD77FF200ED8A24 /* Base */,
			);
			name = LaunchScreen.xib;
			sourceTree = "<group>";
		};
/* End PBXVariantGroup section */

/* Begin XCBuildConfiguration section */
		A6E1A2B01BD77FF200ED8A24 /* Debug */ = {
			isa = XCBuildConfiguration;
			buildSettings = {
				ALWAYS_SEARCH_USER_PATHS = NO;
				CLANG_CXX_LANGUAGE_STANDARD = "gnu++0x";
				CLANG_CXX_LIBRARY = "libc++";
				CLANG_ENABLE_MODULES = YES;
				CLANG_ENABLE_OBJC_ARC = YES;
				CLANG_WARN_BOOL_CONVERSION = YES;
				CLANG_WARN_CONSTANT_CONVERSION = YES;
				CLANG_WARN_DIRECT_OBJC_ISA_USAGE = YES_ERROR;
				CLANG_WARN_EMPTY_BODY = YES;
				CLANG_WARN_ENUM_CONVERSION = YES;
				CLANG_WARN_INT_CONVERSION = YES;
				CLANG_WARN_OBJC_ROOT_CLASS = YES_ERROR;
				CLANG_WARN_UNREACHABLE_CODE = YES;
				CLANG_WARN__DUPLICATE_METHOD_MATCH = YES;
				"CODE_SIGN_IDENTITY[sdk=iphoneos*]" = "iPhone Developer";
				COPY_PHASE_STRIP = NO;
				DEBUG_INFORMATION_FORMAT = "dwarf-with-dsym";
				ENABLE_STRICT_OBJC_MSGSEND = YES;
				GCC_C_LANGUAGE_STANDARD = gnu99;
				GCC_DYNAMIC_NO_PIC = NO;
				GCC_NO_COMMON_BLOCKS = YES;
				GCC_OPTIMIZATION_LEVEL = 0;
				GCC_PREPROCESSOR_DEFINITIONS = (
					"DEBUG=1",
					"$(inherited)",
				);
				GCC_SYMBOLS_PRIVATE_EXTERN = NO;
				GCC_WARN_64_TO_32_BIT_CONVERSION = YES;
				GCC_WARN_ABOUT_RETURN_TYPE = YES_ERROR;
				GCC_WARN_UNDECLARED_SELECTOR = YES;
				GCC_WARN_UNINITIALIZED_AUTOS = YES_AGGRESSIVE;
				GCC_WARN_UNUSED_FUNCTION = YES;
				GCC_WARN_UNUSED_VARIABLE = YES;
				IPHONEOS_DEPLOYMENT_TARGET = 8.4;
				MTL_ENABLE_DEBUG_INFO = YES;
				ONLY_ACTIVE_ARCH = YES;
				SDKROOT = iphoneos;
				TARGETED_DEVICE_FAMILY = "1,2";
			};
			name = Debug;
		};
		A6E1A2B11BD77FF200ED8A24 /* Release */ = {
			isa = XCBuildConfiguration;
			buildSettings = {
				ALWAYS_SEARCH_USER_PATHS = NO;
				CLANG_CXX_LANGUAGE_STANDARD = "gnu++0x";
				CLANG_CXX_LIBRARY = "libc++";
				CLANG_ENABLE_MODULES = YES;
				CLANG_ENABLE_OBJC_ARC = YES;
				CLANG_WARN_BOOL_CONVERSION = YES;
				CLANG_WARN_CONSTANT_CONVERSION = YES;
				CLANG_WARN_DIRECT_OBJC_ISA_USAGE = YES_ERROR;
				CLANG_WARN_EMPTY_BODY = YES;
				CLANG_WARN_ENUM_CONVERSION = YES;
				CLANG_WARN_INT_CONVERSION = YES;
				CLANG_WARN_OBJC_ROOT_CLASS = YES_ERROR;
				CLANG_WARN_UNREACHABLE_CODE = YES;
				CLANG_WARN__DUPLICATE_METHOD_MATCH = YES;
				"CODE_SIGN_IDENTITY[sdk=iphoneos*]" = "iPhone Developer";
				COPY_PHASE_STRIP = NO;
				DEBUG_INFORMATION_FORMAT = "dwarf-with-dsym";
				ENABLE_NS_ASSERTIONS = NO;
				ENABLE_STRICT_OBJC_MSGSEND = YES;
				GCC_C_LANGUAGE_STANDARD = gnu99;
				GCC_NO_COMMON_BLOCKS = YES;
				GCC_WARN_64_TO_32_BIT_CONVERSION = YES;
				GCC_WARN_ABOUT_RETURN_TYPE = YES_ERROR;
				GCC_WARN_UNDECLARED_SELECTOR = YES;
				GCC_WARN_UNINITIALIZED_AUTOS = YES_AGGRESSIVE;
				GCC_WARN_UNUSED_FUNCTION = YES;
				GCC_WARN_UNUSED_VARIABLE = YES;
				IPHONEOS_DEPLOYMENT_TARGET = 8.4;
				MTL_ENABLE_DEBUG_INFO = NO;
				SDKROOT = iphoneos;
				TARGETED_DEVICE_FAMILY = "1,2";
				VALIDATE_PRODUCT = YES;
			};
			name = Release;
		};
		A6E1A2B31BD77FF200ED8A24 /* Debug */ = {
			isa = XCBuildConfiguration;
			buildSettings = {
				ASSETCATALOG_COMPILER_APPICON_NAME = AppIcon;
				INFOPLIST_FILE = MatchingCards/Info.plist;
				LD_RUNPATH_SEARCH_PATHS = "$(inherited) @executable_path/Frameworks";
				PRODUCT_NAME = "$(TARGET_NAME)";
			};
			name = Debug;
		};
		A6E1A2B41BD77FF200ED8A24 /* Release */ = {
			isa = XCBuildConfiguration;
			buildSettings = {
				ASSETCATALOG_COMPILER_APPICON_NAME = AppIcon;
				INFOPLIST_FILE = MatchingCards/Info.plist;
				LD_RUNPATH_SEARCH_PATHS = "$(inherited) @executable_path/Frameworks";
				PRODUCT_NAME = "$(TARGET_NAME)";
			};
			name = Release;
		};
		A6E1A2B61BD77FF200ED8A24 /* Debug */ = {
			isa = XCBuildConfiguration;
			buildSettings = {
				BUNDLE_LOADER = "$(TEST_HOST)";
				FRAMEWORK_SEARCH_PATHS = (
					"$(SDKROOT)/Developer/Library/Frameworks",
					"$(inherited)",
				);
				GCC_PREPROCESSOR_DEFINITIONS = (
					"DEBUG=1",
					"$(inherited)",
				);
				INFOPLIST_FILE = MatchingCardsTests/Info.plist;
				LD_RUNPATH_SEARCH_PATHS = "$(inherited) @executable_path/Frameworks @loader_path/Frameworks";
				PRODUCT_NAME = "$(TARGET_NAME)";
				TEST_HOST = "$(BUILT_PRODUCTS_DIR)/MatchingCards.app/MatchingCards";
			};
			name = Debug;
		};
		A6E1A2B71BD77FF200ED8A24 /* Release */ = {
			isa = XCBuildConfiguration;
			buildSettings = {
				BUNDLE_LOADER = "$(TEST_HOST)";
				FRAMEWORK_SEARCH_PATHS = (
					"$(SDKROOT)/Developer/Library/Frameworks",
					"$(inherited)",
				);
				INFOPLIST_FILE = MatchingCardsTests/Info.plist;
				LD_RUNPATH_SEARCH_PATHS = "$(inherited) @executable_path/Frameworks @loader_path/Frameworks";
				PRODUCT_NAME = "$(TARGET_NAME)";
				TEST_HOST = "$(BUILT_PRODUCTS_DIR)/MatchingCards.app/MatchingCards";
			};
			name = Release;
		};
/* End XCBuildConfiguration section */

/* Begin XCConfigurationList section */
		A6E1A28A1BD77FF100ED8A24 /* Build configuration list for PBXProject "MatchingCards" */ = {
			isa = XCConfigurationList;
			buildConfigurations = (
				A6E1A2B01BD77FF200ED8A24 /* Debug */,
				A6E1A2B11BD77FF200ED8A24 /* Release */,
			);
			defaultConfigurationIsVisible = 0;
			defaultConfigurationName = Release;
		};
		A6E1A2B21BD77FF200ED8A24 /* Build configuration list for PBXNativeTarget "MatchingCards" */ = {
			isa = XCConfigurationList;
			buildConfigurations = (
				A6E1A2B31BD77FF200ED8A24 /* Debug */,
				A6E1A2B41BD77FF200ED8A24 /* Release */,
			);
			defaultConfigurationIsVisible = 0;
			defaultConfigurationName = Release;
		};
		A6E1A2B51BD77FF200ED8A24 /* Build configuration list for PBXNativeTarget "MatchingCardsTests" */ = {
			isa = XCConfigurationList;
			buildConfigurations = (
				A6E1A2B61BD77FF200ED8A24 /* Debug */,
				A6E1A2B71BD77FF200ED8A24 /* Release */,
			);
			defaultConfigurationIsVisible = 0;
			defaultConfigurationName = Release;
		};
/* End XCConfigurationList section */
	};
	rootObject = A6E1A2871BD77FF100ED8A24 /* Project object */;
}
